
Microsoft Visual Studio Solution File, Format Version 12.00
# Visual Studio Version 16
VisualStudioVersion = 16.0.30413.136
MinimumVisualStudioVersion = 10.0.40219.1
Project("{FAE04EC0-301F-11D3-BF4B-00C04F79EFBC}") = "Uzd_N3", "Uzd_N1\Uzd_N3.csproj", "{99746EAF-F60E-4B84-A282-2EBC89E9D2DF}"
EndProject
Global
	GlobalSection(SolutionConfigurationPlatforms) = preSolution
		Debug|Any CPU = Debug|Any CPU
		Release|Any CPU = Release|Any CPU
	EndGlobalSection
	GlobalSection(ProjectConfigurationPlatforms) = postSolution
		{99746EAF-F60E-4B84-A282-2EBC89E9D2DF}.Debug|Any CPU.ActiveCfg = Debug|Any CPU
		{99746EAF-F60E-4B84-A282-2EBC89E9D2DF}.Debug|Any CPU.Build.0 = Debug|Any CPU
		{99746EAF-F60E-4B84-A282-2EBC89E9D2DF}.Release|Any CPU.ActiveCfg = Release|Any CPU
		{99746EAF-F60E-4B84-A282-2EBC89E9D2DF}.Release|Any CPU.Build.0 = Release|Any CPU
	EndGlobalSection
	GlobalSection(SolutionProperties) = preSolution
		HideSolutionNode = FALSE
	EndGlobalSection
	GlobalSection(ExtensibilityGlobals) = postSolution
		SolutionGuid = {7D44DA97-E5FE-4CFD-B157-76D28018FD74}
	EndGlobalSection
EndGlobal
